
Microsoft Visual Studio Solution File, Format Version 12.00
# Visual Studio Version 16
VisualStudioVersion = 16.0.31515.178
MinimumVisualStudioVersion = 10.0.40219.1
Project("{FAE04EC0-301F-11D3-BF4B-00C04F79EFBC}") = "Task 3 Controller_IP_Address", "Task 3 Controller_IP_Address.csproj", "{B639A175-20EF-4A36-812F-4256D01E195F}"
EndProject
Global
	GlobalSection(SolutionConfigurationPlatforms) = preSolution
		Debug|Any CPU = Debug|Any CPU
		Release|Any CPU = Release|Any CPU
	EndGlobalSection
	GlobalSection(ProjectConfigurationPlatforms) = postSolution
		{B639A175-20EF-4A36-812F-4256D01E195F}.Debug|Any CPU.ActiveCfg = Debug|Any CPU
		{B639A175-20EF-4A36-812F-4256D01E195F}.Debug|Any CPU.Build.0 = Debug|Any CPU
		{B639A175-20EF-4A36-812F-4256D01E195F}.Release|Any CPU.ActiveCfg = Release|Any CPU
		{B639A175-20EF-4A36-812F-4256D01E195F}.Release|Any CPU.Build.0 = Release|Any CPU
	EndGlobalSection
	GlobalSection(SolutionProperties) = preSolution
		HideSolutionNode = FALSE
	EndGlobalSection
	GlobalSection(ExtensibilityGlobals) = postSolution
		SolutionGuid = {BE783E3F-E4CE-4EF8-BFD9-C6126221252C}
	EndGlobalSection
EndGlobal
