
Microsoft Visual Studio Solution File, Format Version 12.00
# Visual Studio Version 16
VisualStudioVersion = 16.0.31515.178
MinimumVisualStudioVersion = 10.0.40219.1
Project("{FAE04EC0-301F-11D3-BF4B-00C04F79EFBC}") = "Lesson 4 Action", "Lesson 4 Action.csproj", "{42D9D9C8-575C-4B45-B6B8-A8EA1679B61F}"
EndProject
Global
	GlobalSection(SolutionConfigurationPlatforms) = preSolution
		Debug|Any CPU = Debug|Any CPU
		Release|Any CPU = Release|Any CPU
	EndGlobalSection
	GlobalSection(ProjectConfigurationPlatforms) = postSolution
		{42D9D9C8-575C-4B45-B6B8-A8EA1679B61F}.Debug|Any CPU.ActiveCfg = Debug|Any CPU
		{42D9D9C8-575C-4B45-B6B8-A8EA1679B61F}.Debug|Any CPU.Build.0 = Debug|Any CPU
		{42D9D9C8-575C-4B45-B6B8-A8EA1679B61F}.Release|Any CPU.ActiveCfg = Release|Any CPU
		{42D9D9C8-575C-4B45-B6B8-A8EA1679B61F}.Release|Any CPU.Build.0 = Release|Any CPU
	EndGlobalSection
	GlobalSection(SolutionProperties) = preSolution
		HideSolutionNode = FALSE
	EndGlobalSection
	GlobalSection(ExtensibilityGlobals) = postSolution
		SolutionGuid = {9334DC9B-D6A0-4E18-800C-5FE0138451B4}
	EndGlobalSection
EndGlobal
