
Microsoft Visual Studio Solution File, Format Version 12.00
# Visual Studio Version 16
VisualStudioVersion = 16.0.31515.178
MinimumVisualStudioVersion = 10.0.40219.1
Project("{FAE04EC0-301F-11D3-BF4B-00C04F79EFBC}") = "Lesson1", "Lesson1.csproj", "{24729938-1FED-45AE-9208-A4CF1944E64C}"
EndProject
Global
	GlobalSection(SolutionConfigurationPlatforms) = preSolution
		Debug|Any CPU = Debug|Any CPU
		Release|Any CPU = Release|Any CPU
	EndGlobalSection
	GlobalSection(ProjectConfigurationPlatforms) = postSolution
		{24729938-1FED-45AE-9208-A4CF1944E64C}.Debug|Any CPU.ActiveCfg = Debug|Any CPU
		{24729938-1FED-45AE-9208-A4CF1944E64C}.Debug|Any CPU.Build.0 = Debug|Any CPU
		{24729938-1FED-45AE-9208-A4CF1944E64C}.Release|Any CPU.ActiveCfg = Release|Any CPU
		{24729938-1FED-45AE-9208-A4CF1944E64C}.Release|Any CPU.Build.0 = Release|Any CPU
	EndGlobalSection
	GlobalSection(SolutionProperties) = preSolution
		HideSolutionNode = FALSE
	EndGlobalSection
	GlobalSection(ExtensibilityGlobals) = postSolution
		SolutionGuid = {78416B6F-A55A-4A1C-9C74-1589C1E4C831}
	EndGlobalSection
EndGlobal
